
Microsoft Visual Studio Solution File, Format Version 12.00
# Visual Studio 14
VisualStudioVersion = 14.0.25420.1
MinimumVisualStudioVersion = 10.0.40219.1
Project("{FAE04EC0-301F-11D3-BF4B-00C04F79EFBC}") = "Write2Congress.Droid", "Write2Congress\Write2Congress.Droid\Write2Congress.Droid.csproj", "{AF91DFF5-8F02-4D16-9769-29BB0B62EC29}"
EndProject
Project("{FAE04EC0-301F-11D3-BF4B-00C04F79EFBC}") = "Write2Congress.iOS", "Write2Congress\Write2Congress.iOS\Write2Congress.iOS.csproj", "{BFCC11E5-33D8-4B4B-A459-3A59D9B8BCD8}"
EndProject
Project("{FAE04EC0-301F-11D3-BF4B-00C04F79EFBC}") = "Write2Congress.Shared", "Write2Congress.Shared\Write2Congress.Shared.csproj", "{3052162A-ADD7-46EA-A641-EC40D7A89994}"
EndProject
Global
	GlobalSection(SolutionConfigurationPlatforms) = preSolution
		AppStore|Any CPU = AppStore|Any CPU
		AppStore|iPhone = AppStore|iPhone
		AppStore|iPhoneSimulator = AppStore|iPhoneSimulator
		Debug|Any CPU = Debug|Any CPU
		Debug|iPhone = Debug|iPhone
		Debug|iPhoneSimulator = Debug|iPhoneSimulator
		Release|Any CPU = Release|Any CPU
		Release|iPhone = Release|iPhone
		Release|iPhoneSimulator = Release|iPhoneSimulator
	EndGlobalSection
	GlobalSection(ProjectConfigurationPlatforms) = postSolution
		{AF91DFF5-8F02-4D16-9769-29BB0B62EC29}.AppStore|Any CPU.ActiveCfg = Release|Any CPU
		{AF91DFF5-8F02-4D16-9769-29BB0B62EC29}.AppStore|Any CPU.Build.0 = Release|Any CPU
		{AF91DFF5-8F02-4D16-9769-29BB0B62EC29}.AppStore|Any CPU.Deploy.0 = Release|Any CPU
		{AF91DFF5-8F02-4D16-9769-29BB0B62EC29}.AppStore|iPhone.ActiveCfg = Release|Any CPU
		{AF91DFF5-8F02-4D16-9769-29BB0B62EC29}.AppStore|iPhone.Build.0 = Release|Any CPU
		{AF91DFF5-8F02-4D16-9769-29BB0B62EC29}.AppStore|iPhone.Deploy.0 = Release|Any CPU
		{AF91DFF5-8F02-4D16-9769-29BB0B62EC29}.AppStore|iPhoneSimulator.ActiveCfg = Release|Any CPU
		{AF91DFF5-8F02-4D16-9769-29BB0B62EC29}.AppStore|iPhoneSimulator.Build.0 = Release|Any CPU
		{AF91DFF5-8F02-4D16-9769-29BB0B62EC29}.AppStore|iPhoneSimulator.Deploy.0 = Release|Any CPU
		{AF91DFF5-8F02-4D16-9769-29BB0B62EC29}.Debug|Any CPU.ActiveCfg = Debug|Any CPU
		{AF91DFF5-8F02-4D16-9769-29BB0B62EC29}.Debug|Any CPU.Build.0 = Debug|Any CPU
		{AF91DFF5-8F02-4D16-9769-29BB0B62EC29}.Debug|Any CPU.Deploy.0 = Debug|Any CPU
		{AF91DFF5-8F02-4D16-9769-29BB0B62EC29}.Debug|iPhone.ActiveCfg = Debug|Any CPU
		{AF91DFF5-8F02-4D16-9769-29BB0B62EC29}.Debug|iPhone.Build.0 = Debug|Any CPU
		{AF91DFF5-8F02-4D16-9769-29BB0B62EC29}.Debug|iPhone.Deploy.0 = Debug|Any CPU
		{AF91DFF5-8F02-4D16-9769-29BB0B62EC29}.Debug|iPhoneSimulator.ActiveCfg = Debug|Any CPU
		{AF91DFF5-8F02-4D16-9769-29BB0B62EC29}.Debug|iPhoneSimulator.Build.0 = Debug|Any CPU
		{AF91DFF5-8F02-4D16-9769-29BB0B62EC29}.Debug|iPhoneSimulator.Deploy.0 = Debug|Any CPU
		{AF91DFF5-8F02-4D16-9769-29BB0B62EC29}.Release|Any CPU.ActiveCfg = Release|Any CPU
		{AF91DFF5-8F02-4D16-9769-29BB0B62EC29}.Release|Any CPU.Build.0 = Release|Any CPU
		{AF91DFF5-8F02-4D16-9769-29BB0B62EC29}.Release|Any CPU.Deploy.0 = Release|Any CPU
		{AF91DFF5-8F02-4D16-9769-29BB0B62EC29}.Release|iPhone.ActiveCfg = Release|Any CPU
		{AF91DFF5-8F02-4D16-9769-29BB0B62EC29}.Release|iPhone.Build.0 = Release|Any CPU
		{AF91DFF5-8F02-4D16-9769-29BB0B62EC29}.Release|iPhone.Deploy.0 = Release|Any CPU
		{AF91DFF5-8F02-4D16-9769-29BB0B62EC29}.Release|iPhoneSimulator.ActiveCfg = Release|Any CPU
		{AF91DFF5-8F02-4D16-9769-29BB0B62EC29}.Release|iPhoneSimulator.Build.0 = Release|Any CPU
		{AF91DFF5-8F02-4D16-9769-29BB0B62EC29}.Release|iPhoneSimulator.Deploy.0 = Release|Any CPU
		{BFCC11E5-33D8-4B4B-A459-3A59D9B8BCD8}.AppStore|Any CPU.ActiveCfg = AppStore|iPhone
		{BFCC11E5-33D8-4B4B-A459-3A59D9B8BCD8}.AppStore|iPhone.ActiveCfg = AppStore|iPhone
		{BFCC11E5-33D8-4B4B-A459-3A59D9B8BCD8}.AppStore|iPhone.Build.0 = AppStore|iPhone
		{BFCC11E5-33D8-4B4B-A459-3A59D9B8BCD8}.AppStore|iPhoneSimulator.ActiveCfg = AppStore|iPhoneSimulator
		{BFCC11E5-33D8-4B4B-A459-3A59D9B8BCD8}.AppStore|iPhoneSimulator.Build.0 = AppStore|iPhoneSimulator
		{BFCC11E5-33D8-4B4B-A459-3A59D9B8BCD8}.Debug|Any CPU.ActiveCfg = Debug|iPhone
		{BFCC11E5-33D8-4B4B-A459-3A59D9B8BCD8}.Debug|iPhone.ActiveCfg = Debug|iPhone
		{BFCC11E5-33D8-4B4B-A459-3A59D9B8BCD8}.Debug|iPhone.Build.0 = Debug|iPhone
		{BFCC11E5-33D8-4B4B-A459-3A59D9B8BCD8}.Debug|iPhoneSimulator.ActiveCfg = Debug|iPhoneSimulator
		{BFCC11E5-33D8-4B4B-A459-3A59D9B8BCD8}.Debug|iPhoneSimulator.Build.0 = Debug|iPhoneSimulator
		{BFCC11E5-33D8-4B4B-A459-3A59D9B8BCD8}.Release|Any CPU.ActiveCfg = Release|iPhone
		{BFCC11E5-33D8-4B4B-A459-3A59D9B8BCD8}.Release|iPhone.ActiveCfg = Release|iPhone
		{BFCC11E5-33D8-4B4B-A459-3A59D9B8BCD8}.Release|iPhone.Build.0 = Release|iPhone
		{BFCC11E5-33D8-4B4B-A459-3A59D9B8BCD8}.Release|iPhoneSimulator.ActiveCfg = Release|iPhoneSimulator
		{BFCC11E5-33D8-4B4B-A459-3A59D9B8BCD8}.Release|iPhoneSimulator.Build.0 = Release|iPhoneSimulator
		{3052162A-ADD7-46EA-A641-EC40D7A89994}.AppStore|Any CPU.ActiveCfg = Release|Any CPU
		{3052162A-ADD7-46EA-A641-EC40D7A89994}.AppStore|Any CPU.Build.0 = Release|Any CPU
		{3052162A-ADD7-46EA-A641-EC40D7A89994}.AppStore|iPhone.ActiveCfg = Release|Any CPU
		{3052162A-ADD7-46EA-A641-EC40D7A89994}.AppStore|iPhone.Build.0 = Release|Any CPU
		{3052162A-ADD7-46EA-A641-EC40D7A89994}.AppStore|iPhoneSimulator.ActiveCfg = Release|Any CPU
		{3052162A-ADD7-46EA-A641-EC40D7A89994}.AppStore|iPhoneSimulator.Build.0 = Release|Any CPU
		{3052162A-ADD7-46EA-A641-EC40D7A89994}.Debug|Any CPU.ActiveCfg = Debug|Any CPU
		{3052162A-ADD7-46EA-A641-EC40D7A89994}.Debug|Any CPU.Build.0 = Debug|Any CPU
		{3052162A-ADD7-46EA-A641-EC40D7A89994}.Debug|iPhone.ActiveCfg = Debug|Any CPU
		{3052162A-ADD7-46EA-A641-EC40D7A89994}.Debug|iPhone.Build.0 = Debug|Any CPU
		{3052162A-ADD7-46EA-A641-EC40D7A89994}.Debug|iPhoneSimulator.ActiveCfg = Debug|Any CPU
		{3052162A-ADD7-46EA-A641-EC40D7A89994}.Debug|iPhoneSimulator.Build.0 = Debug|Any CPU
		{3052162A-ADD7-46EA-A641-EC40D7A89994}.Release|Any CPU.ActiveCfg = Release|Any CPU
		{3052162A-ADD7-46EA-A641-EC40D7A89994}.Release|Any CPU.Build.0 = Release|Any CPU
		{3052162A-ADD7-46EA-A641-EC40D7A89994}.Release|iPhone.ActiveCfg = Release|Any CPU
		{3052162A-ADD7-46EA-A641-EC40D7A89994}.Release|iPhone.Build.0 = Release|Any CPU
		{3052162A-ADD7-46EA-A641-EC40D7A89994}.Release|iPhoneSimulator.ActiveCfg = Release|Any CPU
		{3052162A-ADD7-46EA-A641-EC40D7A89994}.Release|iPhoneSimulator.Build.0 = Release|Any CPU
	EndGlobalSection
	GlobalSection(SolutionProperties) = preSolution
		HideSolutionNode = FALSE
	EndGlobalSection
EndGlobal
